
Microsoft Visual Studio Solution File, Format Version 12.00
# Visual Studio Version 17
VisualStudioVersion = 17.0.31903.59
MinimumVisualStudioVersion = 10.0.40219.1
Project("{2150E333-8FDC-42A3-9474-1A3956D46DE8}") = "Internal", "Internal", "{CE5BD3C4-5F41-4082-AED0-97448C089959}"
EndProject
Project("{FAE04EC0-301F-11D3-BF4B-00C04F79EFBC}") = "Internal", "Internal\src\Internal.csproj", "{C57BC8BD-9340-49C1-9A7E-FFF167503E16}"
EndProject
Project("{2150E333-8FDC-42A3-9474-1A3956D46DE8}") = "Core", "Core", "{3D000C03-6371-40F1-876A-76659BA0EFA1}"
EndProject
Project("{FAE04EC0-301F-11D3-BF4B-00C04F79EFBC}") = "Bearz.Core", "Core\src\Bearz.Core.csproj", "{9B7AB07D-BAB5-49E6-8810-EBAD789CD9ED}"
EndProject
Project("{FAE04EC0-301F-11D3-BF4B-00C04F79EFBC}") = "Bearz.Core.Tests", "Core\test\Bearz.Core.Tests.csproj", "{414830D0-0F85-403C-B502-A18C79C97D58}"
EndProject
Project("{2150E333-8FDC-42A3-9474-1A3956D46DE8}") = "Process", "Process", "{41B1FED7-8F61-417A-800F-EFEC4365D64C}"
EndProject
Project("{FAE04EC0-301F-11D3-BF4B-00C04F79EFBC}") = "Bearz.Process", "Process\src\Bearz.Process.csproj", "{DD99A124-2BE9-45D7-B3D0-7FD163F070BC}"
EndProject
Project("{2150E333-8FDC-42A3-9474-1A3956D46DE8}") = "Secrets", "Secrets", "{85F22BA9-59E1-4E3D-BB56-37BBD14996A2}"
EndProject
Project("{FAE04EC0-301F-11D3-BF4B-00C04F79EFBC}") = "Bearz.Secrets", "Secrets\src\Bearz.Secrets.csproj", "{D98D05B7-821A-4A61-AAF5-27E8EC1E903F}"
EndProject
Project("{2150E333-8FDC-42A3-9474-1A3956D46DE8}") = "Security.Cryptography", "Security.Cryptography", "{14B5B854-191B-47F5-A777-C377D146959D}"
EndProject
Project("{FAE04EC0-301F-11D3-BF4B-00C04F79EFBC}") = "Bearz.Security.Cryptography", "Security.Cryptography\src\Bearz.Security.Cryptography.csproj", "{729E0952-FB34-4EC3-B2E4-8824C7770858}"
EndProject
Project("{2150E333-8FDC-42A3-9474-1A3956D46DE8}") = "Security.Cryptography.X509Certificates", "Security.Cryptography.X509Certificates", "{B7AC87C1-4BD6-4AF5-A4FD-186D9791D218}"
EndProject
Project("{FAE04EC0-301F-11D3-BF4B-00C04F79EFBC}") = "Bearz.Security.Cryptography.X509Certificates", "Security.Cryptography.X509Certificates\src\Bearz.Security.Cryptography.X509Certificates.csproj", "{EBD0FC2F-DF08-40C6-B153-CC4D7B0B2374}"
EndProject
Project("{2150E333-8FDC-42A3-9474-1A3956D46DE8}") = "Text.DotEnv", "Text.DotEnv", "{1FA8B525-EE89-4926-85FC-67B2DE469841}"
EndProject
Project("{FAE04EC0-301F-11D3-BF4B-00C04F79EFBC}") = "Bearz.Text.DotEnv", "Text.DotEnv\src\Bearz.Text.DotEnv.csproj", "{80471D6E-A842-4612-99F2-10F1EA21B17A}"
EndProject
Project("{2150E333-8FDC-42A3-9474-1A3956D46DE8}") = "Text.Json", "Text.Json", "{7E7CB80D-82E6-4FE6-9706-E729DBE7589D}"
EndProject
Project("{FAE04EC0-301F-11D3-BF4B-00C04F79EFBC}") = "Bearz.Text.Json", "Text.Json\src\Bearz.Text.Json.csproj", "{1C6DC821-C6E4-4B51-81FC-26EDCF1442F7}"
EndProject
Project("{2150E333-8FDC-42A3-9474-1A3956D46DE8}") = "Text.Yaml", "Text.Yaml", "{08317AE9-F6D8-4C51-AF63-69DAC1EC09E9}"
EndProject
Project("{FAE04EC0-301F-11D3-BF4B-00C04F79EFBC}") = "Bearz.Text.Yaml", "Text.Yaml\src\Bearz.Text.Yaml.csproj", "{A6747D09-E681-4E90-AA27-AC4F92597B19}"
EndProject
Project("{2150E333-8FDC-42A3-9474-1A3956D46DE8}") = ".root", ".root", "{51D703C6-54A7-4212-BE3D-F8C3F8BB5299}"
	ProjectSection(SolutionItems) = preProject
		Directory.Build.props = Directory.Build.props
		Directory.Build.targets = Directory.Build.targets
		Directory.Packages.props = Directory.Packages.props
		justfile = justfile
		version.json = version.json
		README.md = README.md
		.editorconfig = .editorconfig
		.gitignore = .gitignore
		.markdownlint.json = .markdownlint.json
	EndProjectSection
EndProject
Project("{2150E333-8FDC-42A3-9474-1A3956D46DE8}") = "Extensions.Hosting.CommandLine", "Extensions.Hosting.CommandLine", "{4E03B69A-6C32-4A19-9346-5EC51C57A8FA}"
EndProject
Project("{FAE04EC0-301F-11D3-BF4B-00C04F79EFBC}") = "Bearz.Extensions.Hosting.CommandLine", "Extensions.Hosting.CommandLine\src\Bearz.Extensions.Hosting.CommandLine.csproj", "{7BB10F1F-66CB-49B4-B6A5-C52BA96DDF0D}"
EndProject
Project("{2150E333-8FDC-42A3-9474-1A3956D46DE8}") = "Extensions.Logging.Abstractions", "Extensions.Logging.Abstractions", "{24C68910-45A9-4BF2-A6B3-9E257464646A}"
EndProject
Project("{FAE04EC0-301F-11D3-BF4B-00C04F79EFBC}") = "Bearz.Extensions.Logging.Abstractions", "Extensions.Logging.Abstractions\src\Bearz.Extensions.Logging.Abstractions.csproj", "{25F263DB-06DE-48DC-8156-A60BF7901E94}"
EndProject
Project("{2150E333-8FDC-42A3-9474-1A3956D46DE8}") = "Extensions.Secrets.Abstractions", "Extensions.Secrets.Abstractions", "{8D5ACD8F-7986-492F-A901-BD79E726E533}"
EndProject
Project("{FAE04EC0-301F-11D3-BF4B-00C04F79EFBC}") = "Bearz.Extensions.Secrets.Abstractions", "Extensions.Secrets.Abstractions\src\Bearz.Extensions.Secrets.Abstractions.csproj", "{BFA2CE79-0307-4070-B38C-7820A056487F}"
EndProject
Project("{2150E333-8FDC-42A3-9474-1A3956D46DE8}") = "Extensions.Secrets", "Extensions.Secrets", "{E55522E2-5EA5-4E10-BF06-81A43342B78C}"
EndProject
Project("{FAE04EC0-301F-11D3-BF4B-00C04F79EFBC}") = "Bearz.Extensions.Secrets", "Extensions.Secrets\src\Bearz.Extensions.Secrets.csproj", "{7BD8FE97-5965-4708-ABF2-EE73E18B3205}"
EndProject
Project("{2150E333-8FDC-42A3-9474-1A3956D46DE8}") = "Handlebars.Helpers", "Handlebars.Helpers", "{BAD23C12-35B3-4C1B-9AF6-E93D0713F1E7}"
EndProject
Project("{FAE04EC0-301F-11D3-BF4B-00C04F79EFBC}") = "Bearz.Handlebars.Helpers", "Handlebars.Helpers\src\Bearz.Handlebars.Helpers.csproj", "{47B7C3F0-58EC-4898-85EE-685A50661376}"
EndProject
Project("{2150E333-8FDC-42A3-9474-1A3956D46DE8}") = "Handlebars.Helpers.Configuration", "Handlebars.Helpers.Configuration", "{3ACCC884-35BD-4B9D-912B-9D29510E4A63}"
EndProject
Project("{FAE04EC0-301F-11D3-BF4B-00C04F79EFBC}") = "Bearz.Handlebars.Helpers.Configuration", "Handlebars.Helpers.Configuration\src\Bearz.Handlebars.Helpers.Configuration.csproj", "{AB1EAB96-D211-4B69-8003-35188E1C4397}"
EndProject
Project("{2150E333-8FDC-42A3-9474-1A3956D46DE8}") = "Handlebars.Helpers.Secrets", "Handlebars.Helpers.Secrets", "{10AC4DFF-CFEC-4093-B48D-698FAF8648B3}"
EndProject
Project("{FAE04EC0-301F-11D3-BF4B-00C04F79EFBC}") = "Bearz.Handlebars.Helpers.Secrets", "Handlebars.Helpers.Secrets\src\Bearz.Handlebars.Helpers.Secrets.csproj", "{2F92EB13-FDAD-4646-A7B1-6E5656DD474E}"
EndProject
Project("{2150E333-8FDC-42A3-9474-1A3956D46DE8}") = "Virtual.Environment.Abstractions", "Virtual.Environment.Abstractions", "{6F1759C3-3A94-4092-B749-0D5B61303ED6}"
EndProject
Project("{FAE04EC0-301F-11D3-BF4B-00C04F79EFBC}") = "Bearz.Virtual.Environment.Abstractions", "Virtual.Environment.Abstractions\src\Bearz.Virtual.Environment.Abstractions.csproj", "{E5B592B9-7A9A-46CE-971F-2AC7956F0D9C}"
EndProject
Project("{2150E333-8FDC-42A3-9474-1A3956D46DE8}") = "Virtual.Path.Abstractions", "Virtual.Path.Abstractions", "{5EA3706B-6A48-4FA4-8856-B28C58F0A97D}"
EndProject
Project("{FAE04EC0-301F-11D3-BF4B-00C04F79EFBC}") = "Bearz.Virtual.Path.Abstractions", "Virtual.Path.Abstractions\src\Bearz.Virtual.Path.Abstractions.csproj", "{9CB352E3-BCE9-4A31-818A-B7426FFE9E82}"
EndProject
Project("{2150E333-8FDC-42A3-9474-1A3956D46DE8}") = "Virtual.Environment", "Virtual.Environment", "{4289B1FE-7EA2-4A3E-BB3E-AAB1403656F2}"
EndProject
Project("{FAE04EC0-301F-11D3-BF4B-00C04F79EFBC}") = "Bearz.Virtual.Environment", "Virtual.Environment\src\Bearz.Virtual.Environment.csproj", "{7D6CD1EC-F330-4FF2-AEA0-DC1D3240747C}"
EndProject
Project("{2150E333-8FDC-42A3-9474-1A3956D46DE8}") = "Virtual.Path", "Virtual.Path", "{8A314F5F-23F7-477C-84F0-5D717C4B479C}"
EndProject
Project("{FAE04EC0-301F-11D3-BF4B-00C04F79EFBC}") = "Bearz.Virtual.Path", "Virtual.Path\src\Bearz.Virtual.Path.csproj", "{BC71FF26-9118-4A72-AC77-6C3E9C129281}"
EndProject
Project("{2150E333-8FDC-42A3-9474-1A3956D46DE8}") = "Virtual.FileSystem.Abstractions", "Virtual.FileSystem.Abstractions", "{5ACE19FB-C8EA-4A82-A1BB-5162EC5D7158}"
EndProject
Project("{FAE04EC0-301F-11D3-BF4B-00C04F79EFBC}") = "Bearz.Virtual.FileSystem.Abstractions", "Virtual.FileSystem.Abstractions\src\Bearz.Virtual.FileSystem.Abstractions.csproj", "{CA9B36F5-3C2C-420F-8891-3F0A56D57049}"
EndProject
Project("{2150E333-8FDC-42A3-9474-1A3956D46DE8}") = "Virtual.Process.Abstractions", "Virtual.Process.Abstractions", "{5F33ABA6-3C60-475B-ABB7-591165559F77}"
EndProject
Project("{FAE04EC0-301F-11D3-BF4B-00C04F79EFBC}") = "Bearz.Virtual.Process.Abstractions", "Virtual.Process.Abstractions\src\Bearz.Virtual.Process.Abstractions.csproj", "{EDA2D0D7-D3E9-4B21-93D4-4BD5767BA4CF}"
EndProject
Project("{2150E333-8FDC-42A3-9474-1A3956D46DE8}") = "Virtual.Process", "Virtual.Process", "{B55DAD86-9A16-42F6-AF98-E38DC6B69165}"
EndProject
Project("{FAE04EC0-301F-11D3-BF4B-00C04F79EFBC}") = "Bearz.Virtual.Process", "Virtual.Process\src\Bearz.Virtual.Process.csproj", "{9FBE4080-B6BF-4C4B-A008-893E3449026D}"
EndProject
Project("{2150E333-8FDC-42A3-9474-1A3956D46DE8}") = "Virtual.FileSystem", "Virtual.FileSystem", "{EF6450D9-95AF-471C-8E83-34F944FCAF2F}"
EndProject
Project("{FAE04EC0-301F-11D3-BF4B-00C04F79EFBC}") = "Bearz.Virtual.FileSystem", "Virtual.FileSystem\src\Bearz.Virtual.FileSystem.csproj", "{9F8F6A6E-72F7-4D7A-9234-C6B631D46655}"
EndProject
Project("{2150E333-8FDC-42A3-9474-1A3956D46DE8}") = "Virtual.Ssh.Abstractions", "Virtual.Ssh.Abstractions", "{6ED02B26-D664-4165-B373-2EACCF228543}"
EndProject
Project("{FAE04EC0-301F-11D3-BF4B-00C04F79EFBC}") = "Bearz.Virtual.Ssh.Abstractions", "Virtual.Ssh.Abstractions\src\Bearz.Virtual.Ssh.Abstractions.csproj", "{91EF6CC4-FC5E-4EAB-860D-0CFFF7E11AD6}"
EndProject
Project("{2150E333-8FDC-42A3-9474-1A3956D46DE8}") = "Virtual.Ssh", "Virtual.Ssh", "{F3D22ADF-3A6D-4206-917B-36BE9B7AB77B}"
EndProject
Project("{FAE04EC0-301F-11D3-BF4B-00C04F79EFBC}") = "Bearz.Virtual.Ssh", "Virtual.Ssh\src\Bearz.Virtual.Ssh.csproj", "{F709E737-A88E-4BFD-9A05-7DEF9FD974AF}"
EndProject
Global
	GlobalSection(SolutionConfigurationPlatforms) = preSolution
		Debug|Any CPU = Debug|Any CPU
		Release|Any CPU = Release|Any CPU
	EndGlobalSection
	GlobalSection(SolutionProperties) = preSolution
		HideSolutionNode = FALSE
	EndGlobalSection
	GlobalSection(ProjectConfigurationPlatforms) = postSolution
		{C57BC8BD-9340-49C1-9A7E-FFF167503E16}.Debug|Any CPU.ActiveCfg = Debug|Any CPU
		{C57BC8BD-9340-49C1-9A7E-FFF167503E16}.Debug|Any CPU.Build.0 = Debug|Any CPU
		{C57BC8BD-9340-49C1-9A7E-FFF167503E16}.Release|Any CPU.ActiveCfg = Release|Any CPU
		{C57BC8BD-9340-49C1-9A7E-FFF167503E16}.Release|Any CPU.Build.0 = Release|Any CPU
		{9B7AB07D-BAB5-49E6-8810-EBAD789CD9ED}.Debug|Any CPU.ActiveCfg = Debug|Any CPU
		{9B7AB07D-BAB5-49E6-8810-EBAD789CD9ED}.Debug|Any CPU.Build.0 = Debug|Any CPU
		{9B7AB07D-BAB5-49E6-8810-EBAD789CD9ED}.Release|Any CPU.ActiveCfg = Release|Any CPU
		{9B7AB07D-BAB5-49E6-8810-EBAD789CD9ED}.Release|Any CPU.Build.0 = Release|Any CPU
		{414830D0-0F85-403C-B502-A18C79C97D58}.Debug|Any CPU.ActiveCfg = Debug|Any CPU
		{414830D0-0F85-403C-B502-A18C79C97D58}.Debug|Any CPU.Build.0 = Debug|Any CPU
		{414830D0-0F85-403C-B502-A18C79C97D58}.Release|Any CPU.ActiveCfg = Release|Any CPU
		{414830D0-0F85-403C-B502-A18C79C97D58}.Release|Any CPU.Build.0 = Release|Any CPU
		{DD99A124-2BE9-45D7-B3D0-7FD163F070BC}.Debug|Any CPU.ActiveCfg = Debug|Any CPU
		{DD99A124-2BE9-45D7-B3D0-7FD163F070BC}.Debug|Any CPU.Build.0 = Debug|Any CPU
		{DD99A124-2BE9-45D7-B3D0-7FD163F070BC}.Release|Any CPU.ActiveCfg = Release|Any CPU
		{DD99A124-2BE9-45D7-B3D0-7FD163F070BC}.Release|Any CPU.Build.0 = Release|Any CPU
		{D98D05B7-821A-4A61-AAF5-27E8EC1E903F}.Debug|Any CPU.ActiveCfg = Debug|Any CPU
		{D98D05B7-821A-4A61-AAF5-27E8EC1E903F}.Debug|Any CPU.Build.0 = Debug|Any CPU
		{D98D05B7-821A-4A61-AAF5-27E8EC1E903F}.Release|Any CPU.ActiveCfg = Release|Any CPU
		{D98D05B7-821A-4A61-AAF5-27E8EC1E903F}.Release|Any CPU.Build.0 = Release|Any CPU
		{729E0952-FB34-4EC3-B2E4-8824C7770858}.Debug|Any CPU.ActiveCfg = Debug|Any CPU
		{729E0952-FB34-4EC3-B2E4-8824C7770858}.Debug|Any CPU.Build.0 = Debug|Any CPU
		{729E0952-FB34-4EC3-B2E4-8824C7770858}.Release|Any CPU.ActiveCfg = Release|Any CPU
		{729E0952-FB34-4EC3-B2E4-8824C7770858}.Release|Any CPU.Build.0 = Release|Any CPU
		{EBD0FC2F-DF08-40C6-B153-CC4D7B0B2374}.Debug|Any CPU.ActiveCfg = Debug|Any CPU
		{EBD0FC2F-DF08-40C6-B153-CC4D7B0B2374}.Debug|Any CPU.Build.0 = Debug|Any CPU
		{EBD0FC2F-DF08-40C6-B153-CC4D7B0B2374}.Release|Any CPU.ActiveCfg = Release|Any CPU
		{EBD0FC2F-DF08-40C6-B153-CC4D7B0B2374}.Release|Any CPU.Build.0 = Release|Any CPU
		{80471D6E-A842-4612-99F2-10F1EA21B17A}.Debug|Any CPU.ActiveCfg = Debug|Any CPU
		{80471D6E-A842-4612-99F2-10F1EA21B17A}.Debug|Any CPU.Build.0 = Debug|Any CPU
		{80471D6E-A842-4612-99F2-10F1EA21B17A}.Release|Any CPU.ActiveCfg = Release|Any CPU
		{80471D6E-A842-4612-99F2-10F1EA21B17A}.Release|Any CPU.Build.0 = Release|Any CPU
		{1C6DC821-C6E4-4B51-81FC-26EDCF1442F7}.Debug|Any CPU.ActiveCfg = Debug|Any CPU
		{1C6DC821-C6E4-4B51-81FC-26EDCF1442F7}.Debug|Any CPU.Build.0 = Debug|Any CPU
		{1C6DC821-C6E4-4B51-81FC-26EDCF1442F7}.Release|Any CPU.ActiveCfg = Release|Any CPU
		{1C6DC821-C6E4-4B51-81FC-26EDCF1442F7}.Release|Any CPU.Build.0 = Release|Any CPU
		{A6747D09-E681-4E90-AA27-AC4F92597B19}.Debug|Any CPU.ActiveCfg = Debug|Any CPU
		{A6747D09-E681-4E90-AA27-AC4F92597B19}.Debug|Any CPU.Build.0 = Debug|Any CPU
		{A6747D09-E681-4E90-AA27-AC4F92597B19}.Release|Any CPU.ActiveCfg = Release|Any CPU
		{A6747D09-E681-4E90-AA27-AC4F92597B19}.Release|Any CPU.Build.0 = Release|Any CPU
		{7BB10F1F-66CB-49B4-B6A5-C52BA96DDF0D}.Debug|Any CPU.ActiveCfg = Debug|Any CPU
		{7BB10F1F-66CB-49B4-B6A5-C52BA96DDF0D}.Debug|Any CPU.Build.0 = Debug|Any CPU
		{7BB10F1F-66CB-49B4-B6A5-C52BA96DDF0D}.Release|Any CPU.ActiveCfg = Release|Any CPU
		{7BB10F1F-66CB-49B4-B6A5-C52BA96DDF0D}.Release|Any CPU.Build.0 = Release|Any CPU
		{25F263DB-06DE-48DC-8156-A60BF7901E94}.Debug|Any CPU.ActiveCfg = Debug|Any CPU
		{25F263DB-06DE-48DC-8156-A60BF7901E94}.Debug|Any CPU.Build.0 = Debug|Any CPU
		{25F263DB-06DE-48DC-8156-A60BF7901E94}.Release|Any CPU.ActiveCfg = Release|Any CPU
		{25F263DB-06DE-48DC-8156-A60BF7901E94}.Release|Any CPU.Build.0 = Release|Any CPU
		{BFA2CE79-0307-4070-B38C-7820A056487F}.Debug|Any CPU.ActiveCfg = Debug|Any CPU
		{BFA2CE79-0307-4070-B38C-7820A056487F}.Debug|Any CPU.Build.0 = Debug|Any CPU
		{BFA2CE79-0307-4070-B38C-7820A056487F}.Release|Any CPU.ActiveCfg = Release|Any CPU
		{BFA2CE79-0307-4070-B38C-7820A056487F}.Release|Any CPU.Build.0 = Release|Any CPU
		{7BD8FE97-5965-4708-ABF2-EE73E18B3205}.Debug|Any CPU.ActiveCfg = Debug|Any CPU
		{7BD8FE97-5965-4708-ABF2-EE73E18B3205}.Debug|Any CPU.Build.0 = Debug|Any CPU
		{7BD8FE97-5965-4708-ABF2-EE73E18B3205}.Release|Any CPU.ActiveCfg = Release|Any CPU
		{7BD8FE97-5965-4708-ABF2-EE73E18B3205}.Release|Any CPU.Build.0 = Release|Any CPU
		{47B7C3F0-58EC-4898-85EE-685A50661376}.Debug|Any CPU.ActiveCfg = Debug|Any CPU
		{47B7C3F0-58EC-4898-85EE-685A50661376}.Debug|Any CPU.Build.0 = Debug|Any CPU
		{47B7C3F0-58EC-4898-85EE-685A50661376}.Release|Any CPU.ActiveCfg = Release|Any CPU
		{47B7C3F0-58EC-4898-85EE-685A50661376}.Release|Any CPU.Build.0 = Release|Any CPU
		{AB1EAB96-D211-4B69-8003-35188E1C4397}.Debug|Any CPU.ActiveCfg = Debug|Any CPU
		{AB1EAB96-D211-4B69-8003-35188E1C4397}.Debug|Any CPU.Build.0 = Debug|Any CPU
		{AB1EAB96-D211-4B69-8003-35188E1C4397}.Release|Any CPU.ActiveCfg = Release|Any CPU
		{AB1EAB96-D211-4B69-8003-35188E1C4397}.Release|Any CPU.Build.0 = Release|Any CPU
		{2F92EB13-FDAD-4646-A7B1-6E5656DD474E}.Debug|Any CPU.ActiveCfg = Debug|Any CPU
		{2F92EB13-FDAD-4646-A7B1-6E5656DD474E}.Debug|Any CPU.Build.0 = Debug|Any CPU
		{2F92EB13-FDAD-4646-A7B1-6E5656DD474E}.Release|Any CPU.ActiveCfg = Release|Any CPU
		{2F92EB13-FDAD-4646-A7B1-6E5656DD474E}.Release|Any CPU.Build.0 = Release|Any CPU
		{E5B592B9-7A9A-46CE-971F-2AC7956F0D9C}.Debug|Any CPU.ActiveCfg = Debug|Any CPU
		{E5B592B9-7A9A-46CE-971F-2AC7956F0D9C}.Debug|Any CPU.Build.0 = Debug|Any CPU
		{E5B592B9-7A9A-46CE-971F-2AC7956F0D9C}.Release|Any CPU.ActiveCfg = Release|Any CPU
		{E5B592B9-7A9A-46CE-971F-2AC7956F0D9C}.Release|Any CPU.Build.0 = Release|Any CPU
		{9CB352E3-BCE9-4A31-818A-B7426FFE9E82}.Debug|Any CPU.ActiveCfg = Debug|Any CPU
		{9CB352E3-BCE9-4A31-818A-B7426FFE9E82}.Debug|Any CPU.Build.0 = Debug|Any CPU
		{9CB352E3-BCE9-4A31-818A-B7426FFE9E82}.Release|Any CPU.ActiveCfg = Release|Any CPU
		{9CB352E3-BCE9-4A31-818A-B7426FFE9E82}.Release|Any CPU.Build.0 = Release|Any CPU
		{7D6CD1EC-F330-4FF2-AEA0-DC1D3240747C}.Debug|Any CPU.ActiveCfg = Debug|Any CPU
		{7D6CD1EC-F330-4FF2-AEA0-DC1D3240747C}.Debug|Any CPU.Build.0 = Debug|Any CPU
		{7D6CD1EC-F330-4FF2-AEA0-DC1D3240747C}.Release|Any CPU.ActiveCfg = Release|Any CPU
		{7D6CD1EC-F330-4FF2-AEA0-DC1D3240747C}.Release|Any CPU.Build.0 = Release|Any CPU
		{BC71FF26-9118-4A72-AC77-6C3E9C129281}.Debug|Any CPU.ActiveCfg = Debug|Any CPU
		{BC71FF26-9118-4A72-AC77-6C3E9C129281}.Debug|Any CPU.Build.0 = Debug|Any CPU
		{BC71FF26-9118-4A72-AC77-6C3E9C129281}.Release|Any CPU.ActiveCfg = Release|Any CPU
		{BC71FF26-9118-4A72-AC77-6C3E9C129281}.Release|Any CPU.Build.0 = Release|Any CPU
		{CA9B36F5-3C2C-420F-8891-3F0A56D57049}.Debug|Any CPU.ActiveCfg = Debug|Any CPU
		{CA9B36F5-3C2C-420F-8891-3F0A56D57049}.Debug|Any CPU.Build.0 = Debug|Any CPU
		{CA9B36F5-3C2C-420F-8891-3F0A56D57049}.Release|Any CPU.ActiveCfg = Release|Any CPU
		{CA9B36F5-3C2C-420F-8891-3F0A56D57049}.Release|Any CPU.Build.0 = Release|Any CPU
		{EDA2D0D7-D3E9-4B21-93D4-4BD5767BA4CF}.Debug|Any CPU.ActiveCfg = Debug|Any CPU
		{EDA2D0D7-D3E9-4B21-93D4-4BD5767BA4CF}.Debug|Any CPU.Build.0 = Debug|Any CPU
		{EDA2D0D7-D3E9-4B21-93D4-4BD5767BA4CF}.Release|Any CPU.ActiveCfg = Release|Any CPU
		{EDA2D0D7-D3E9-4B21-93D4-4BD5767BA4CF}.Release|Any CPU.Build.0 = Release|Any CPU
		{9FBE4080-B6BF-4C4B-A008-893E3449026D}.Debug|Any CPU.ActiveCfg = Debug|Any CPU
		{9FBE4080-B6BF-4C4B-A008-893E3449026D}.Debug|Any CPU.Build.0 = Debug|Any CPU
		{9FBE4080-B6BF-4C4B-A008-893E3449026D}.Release|Any CPU.ActiveCfg = Release|Any CPU
		{9FBE4080-B6BF-4C4B-A008-893E3449026D}.Release|Any CPU.Build.0 = Release|Any CPU
		{9F8F6A6E-72F7-4D7A-9234-C6B631D46655}.Debug|Any CPU.ActiveCfg = Debug|Any CPU
		{9F8F6A6E-72F7-4D7A-9234-C6B631D46655}.Debug|Any CPU.Build.0 = Debug|Any CPU
		{9F8F6A6E-72F7-4D7A-9234-C6B631D46655}.Release|Any CPU.ActiveCfg = Release|Any CPU
		{9F8F6A6E-72F7-4D7A-9234-C6B631D46655}.Release|Any CPU.Build.0 = Release|Any CPU
		{91EF6CC4-FC5E-4EAB-860D-0CFFF7E11AD6}.Debug|Any CPU.ActiveCfg = Debug|Any CPU
		{91EF6CC4-FC5E-4EAB-860D-0CFFF7E11AD6}.Debug|Any CPU.Build.0 = Debug|Any CPU
		{91EF6CC4-FC5E-4EAB-860D-0CFFF7E11AD6}.Release|Any CPU.ActiveCfg = Release|Any CPU
		{91EF6CC4-FC5E-4EAB-860D-0CFFF7E11AD6}.Release|Any CPU.Build.0 = Release|Any CPU
		{F709E737-A88E-4BFD-9A05-7DEF9FD974AF}.Debug|Any CPU.ActiveCfg = Debug|Any CPU
		{F709E737-A88E-4BFD-9A05-7DEF9FD974AF}.Debug|Any CPU.Build.0 = Debug|Any CPU
		{F709E737-A88E-4BFD-9A05-7DEF9FD974AF}.Release|Any CPU.ActiveCfg = Release|Any CPU
		{F709E737-A88E-4BFD-9A05-7DEF9FD974AF}.Release|Any CPU.Build.0 = Release|Any CPU
	EndGlobalSection
	GlobalSection(NestedProjects) = preSolution
		{C57BC8BD-9340-49C1-9A7E-FFF167503E16} = {CE5BD3C4-5F41-4082-AED0-97448C089959}
		{9B7AB07D-BAB5-49E6-8810-EBAD789CD9ED} = {3D000C03-6371-40F1-876A-76659BA0EFA1}
		{414830D0-0F85-403C-B502-A18C79C97D58} = {3D000C03-6371-40F1-876A-76659BA0EFA1}
		{DD99A124-2BE9-45D7-B3D0-7FD163F070BC} = {41B1FED7-8F61-417A-800F-EFEC4365D64C}
		{D98D05B7-821A-4A61-AAF5-27E8EC1E903F} = {85F22BA9-59E1-4E3D-BB56-37BBD14996A2}
		{729E0952-FB34-4EC3-B2E4-8824C7770858} = {14B5B854-191B-47F5-A777-C377D146959D}
		{EBD0FC2F-DF08-40C6-B153-CC4D7B0B2374} = {B7AC87C1-4BD6-4AF5-A4FD-186D9791D218}
		{80471D6E-A842-4612-99F2-10F1EA21B17A} = {1FA8B525-EE89-4926-85FC-67B2DE469841}
		{1C6DC821-C6E4-4B51-81FC-26EDCF1442F7} = {7E7CB80D-82E6-4FE6-9706-E729DBE7589D}
		{A6747D09-E681-4E90-AA27-AC4F92597B19} = {08317AE9-F6D8-4C51-AF63-69DAC1EC09E9}
		{7BB10F1F-66CB-49B4-B6A5-C52BA96DDF0D} = {4E03B69A-6C32-4A19-9346-5EC51C57A8FA}
		{25F263DB-06DE-48DC-8156-A60BF7901E94} = {24C68910-45A9-4BF2-A6B3-9E257464646A}
		{BFA2CE79-0307-4070-B38C-7820A056487F} = {8D5ACD8F-7986-492F-A901-BD79E726E533}
		{7BD8FE97-5965-4708-ABF2-EE73E18B3205} = {E55522E2-5EA5-4E10-BF06-81A43342B78C}
		{47B7C3F0-58EC-4898-85EE-685A50661376} = {BAD23C12-35B3-4C1B-9AF6-E93D0713F1E7}
		{AB1EAB96-D211-4B69-8003-35188E1C4397} = {3ACCC884-35BD-4B9D-912B-9D29510E4A63}
		{2F92EB13-FDAD-4646-A7B1-6E5656DD474E} = {10AC4DFF-CFEC-4093-B48D-698FAF8648B3}
		{E5B592B9-7A9A-46CE-971F-2AC7956F0D9C} = {6F1759C3-3A94-4092-B749-0D5B61303ED6}
		{9CB352E3-BCE9-4A31-818A-B7426FFE9E82} = {5EA3706B-6A48-4FA4-8856-B28C58F0A97D}
		{7D6CD1EC-F330-4FF2-AEA0-DC1D3240747C} = {4289B1FE-7EA2-4A3E-BB3E-AAB1403656F2}
		{BC71FF26-9118-4A72-AC77-6C3E9C129281} = {8A314F5F-23F7-477C-84F0-5D717C4B479C}
		{CA9B36F5-3C2C-420F-8891-3F0A56D57049} = {5ACE19FB-C8EA-4A82-A1BB-5162EC5D7158}
		{EDA2D0D7-D3E9-4B21-93D4-4BD5767BA4CF} = {5F33ABA6-3C60-475B-ABB7-591165559F77}
		{9FBE4080-B6BF-4C4B-A008-893E3449026D} = {B55DAD86-9A16-42F6-AF98-E38DC6B69165}
		{9F8F6A6E-72F7-4D7A-9234-C6B631D46655} = {EF6450D9-95AF-471C-8E83-34F944FCAF2F}
		{91EF6CC4-FC5E-4EAB-860D-0CFFF7E11AD6} = {6ED02B26-D664-4165-B373-2EACCF228543}
		{F709E737-A88E-4BFD-9A05-7DEF9FD974AF} = {F3D22ADF-3A6D-4206-917B-36BE9B7AB77B}
	EndGlobalSection
EndGlobal
